// !$*UTF8*$!
{
	archiveVersion = 1;
	classes = {
	};
	objectVersion = 46;
	objects = {

/* Begin PBXBuildFile section */
		A236F63418E48101006CEBA1 /* Foundation.framework in Frameworks */ = {isa = PBXBuildFile; fileRef = A236F63318E48101006CEBA1 /* Foundation.framework */; };
		A236F63618E48101006CEBA1 /* CoreGraphics.framework in Frameworks */ = {isa = PBXBuildFile; fileRef = A236F63518E48101006CEBA1 /* CoreGraphics.framework */; };
		A236F63818E48101006CEBA1 /* UIKit.framework in Frameworks */ = {isa = PBXBuildFile; fileRef = A236F63718E48101006CEBA1 /* UIKit.framework */; };
		A236F63A18E48101006CEBA1 /* CoreData.framework in Frameworks */ = {isa = PBXBuildFile; fileRef = A236F63918E48101006CEBA1 /* CoreData.framework */; };
		A236F64018E48101006CEBA1 /* InfoPlist.strings in Resources */ = {isa = PBXBuildFile; fileRef = A236F63E18E48101006CEBA1 /* InfoPlist.strings */; };
		A236F64218E48101006CEBA1 /* main.m in Sources */ = {isa = PBXBuildFile; fileRef = A236F64118E48101006CEBA1 /* main.m */; };
		A236F64618E48101006CEBA1 /* AppDelegate.m in Sources */ = {isa = PBXBuildFile; fileRef = A236F64518E48101006CEBA1 /* AppDelegate.m */; };
		A236F64918E48101006CEBA1 /* TVApp.xcdatamodeld in Sources */ = {isa = PBXBuildFile; fileRef = A236F64718E48101006CEBA1 /* TVApp.xcdatamodeld */; };
		A236F64B18E48101006CEBA1 /* Images.xcassets in Resources */ = {isa = PBXBuildFile; fileRef = A236F64A18E48101006CEBA1 /* Images.xcassets */; };
		A236F65218E48101006CEBA1 /* XCTest.framework in Frameworks */ = {isa = PBXBuildFile; fileRef = A236F65118E48101006CEBA1 /* XCTest.framework */; };
		A236F65318E48101006CEBA1 /* Foundation.framework in Frameworks */ = {isa = PBXBuildFile; fileRef = A236F63318E48101006CEBA1 /* Foundation.framework */; };
		A236F65418E48101006CEBA1 /* UIKit.framework in Frameworks */ = {isa = PBXBuildFile; fileRef = A236F63718E48101006CEBA1 /* UIKit.framework */; };
		A236F65518E48101006CEBA1 /* CoreData.framework in Frameworks */ = {isa = PBXBuildFile; fileRef = A236F63918E48101006CEBA1 /* CoreData.framework */; };
		A236F65D18E48101006CEBA1 /* InfoPlist.strings in Resources */ = {isa = PBXBuildFile; fileRef = A236F65B18E48101006CEBA1 /* InfoPlist.strings */; };
		A236F65F18E48101006CEBA1 /* TVAppTests.m in Sources */ = {isa = PBXBuildFile; fileRef = A236F65E18E48101006CEBA1 /* TVAppTests.m */; };
/* End PBXBuildFile section */

/* Begin PBXContainerItemProxy section */
		A236F65618E48101006CEBA1 /* PBXContainerItemProxy */ = {
			isa = PBXContainerItemProxy;
			containerPortal = A236F62818E48101006CEBA1 /* Project object */;
			proxyType = 1;
			remoteGlobalIDString = A236F62F18E48101006CEBA1;
			remoteInfo = TVApp;
		};
/* End PBXContainerItemProxy section */

/* Begin PBXFileReference section */
		A236F63018E48101006CEBA1 /* TVApp.app */ = {isa = PBXFileReference; explicitFileType = wrapper.application; includeInIndex = 0; path = TVApp.app; sourceTree = BUILT_PRODUCTS_DIR; };
		A236F63318E48101006CEBA1 /* Foundation.framework */ = {isa = PBXFileReference; lastKnownFileType = wrapper.framework; name = Foundation.framework; path = System/Library/Frameworks/Foundation.framework; sourceTree = SDKROOT; };
		A236F63518E48101006CEBA1 /* CoreGraphics.framework */ = {isa = PBXFileReference; lastKnownFileType = wrapper.framework; name = CoreGraphics.framework; path = System/Library/Frameworks/CoreGraphics.framework; sourceTree = SDKROOT; };
		A236F63718E48101006CEBA1 /* UIKit.framework */ = {isa = PBXFileReference; lastKnownFileType = wrapper.framework; name = UIKit.framework; path = System/Library/Frameworks/UIKit.framework; sourceTree = SDKROOT; };
		A236F63918E48101006CEBA1 /* CoreData.framework */ = {isa = PBXFileReference; lastKnownFileType = wrapper.framework; name = CoreData.framework; path = System/Library/Frameworks/CoreData.framework; sourceTree = SDKROOT; };
		A236F63D18E48101006CEBA1 /* TVApp-Info.plist */ = {isa = PBXFileReference; lastKnownFileType = text.plist.xml; path = "TVApp-Info.plist"; sourceTree = "<group>"; };
		A236F63F18E48101006CEBA1 /* en */ = {isa = PBXFileReference; lastKnownFileType = text.plist.strings; name = en; path = en.lproj/InfoPlist.strings; sourceTree = "<group>"; };
		A236F64118E48101006CEBA1 /* main.m */ = {isa = PBXFileReference; lastKnownFileType = sourcecode.c.objc; path = main.m; sourceTree = "<group>"; };
		A236F64318E48101006CEBA1 /* TVApp-Prefix.pch */ = {isa = PBXFileReference; lastKnownFileType = sourcecode.c.h; path = "TVApp-Prefix.pch"; sourceTree = "<group>"; };
		A236F64418E48101006CEBA1 /* AppDelegate.h */ = {isa = PBXFileReference; lastKnownFileType = sourcecode.c.h; path = AppDelegate.h; sourceTree = "<group>"; };
		A236F64518E48101006CEBA1 /* AppDelegate.m */ = {isa = PBXFileReference; lastKnownFileType = sourcecode.c.objc; path = AppDelegate.m; sourceTree = "<group>"; };
		A236F64818E48101006CEBA1 /* TVApp.xcdatamodel */ = {isa = PBXFileReference; lastKnownFileType = wrapper.xcdatamodel; path = TVApp.xcdatamodel; sourceTree = "<group>"; };
		A236F64A18E48101006CEBA1 /* Images.xcassets */ = {isa = PBXFileReference; lastKnownFileType = folder.assetcatalog; path = Images.xcassets; sourceTree = "<group>"; };
		A236F65018E48101006CEBA1 /* TVAppTests.xctest */ = {isa = PBXFileReference; explicitFileType = wrapper.cfbundle; includeInIndex = 0; path = TVAppTests.xctest; sourceTree = BUILT_PRODUCTS_DIR; };
		A236F65118E48101006CEBA1 /* XCTest.framework */ = {isa = PBXFileReference; lastKnownFileType = wrapper.framework; name = XCTest.framework; path = Library/Frameworks/XCTest.framework; sourceTree = DEVELOPER_DIR; };
		A236F65A18E48101006CEBA1 /* TVAppTests-Info.plist */ = {isa = PBXFileReference; lastKnownFileType = text.plist.xml; path = "TVAppTests-Info.plist"; sourceTree = "<group>"; };
		A236F65C18E48101006CEBA1 /* en */ = {isa = PBXFileReference; lastKnownFileType = text.plist.strings; name = en; path = en.lproj/InfoPlist.strings; sourceTree = "<group>"; };
		A236F65E18E48101006CEBA1 /* TVAppTests.m */ = {isa = PBXFileReference; lastKnownFileType = sourcecode.c.objc; path = TVAppTests.m; sourceTree = "<group>"; };
/* End PBXFileReference section */

/* Begin PBXFrameworksBuildPhase section */
		A236F62D18E48101006CEBA1 /* Frameworks */ = {
			isa = PBXFrameworksBuildPhase;
			buildActionMask = 2147483647;
			files = (
				A236F63618E48101006CEBA1 /* CoreGraphics.framework in Frameworks */,
				A236F63A18E48101006CEBA1 /* CoreData.framework in Frameworks */,
				A236F63818E48101006CEBA1 /* UIKit.framework in Frameworks */,
				A236F63418E48101006CEBA1 /* Foundation.framework in Frameworks */,
			);
			runOnlyForDeploymentPostprocessing = 0;
		};
		A236F64D18E48101006CEBA1 /* Frameworks */ = {
			isa = PBXFrameworksBuildPhase;
			buildActionMask = 2147483647;
			files = (
				A236F65218E48101006CEBA1 /* XCTest.framework in Frameworks */,
				A236F65518E48101006CEBA1 /* CoreData.framework in Frameworks */,
				A236F65418E48101006CEBA1 /* UIKit.framework in Frameworks */,
				A236F65318E48101006CEBA1 /* Foundation.framework in Frameworks */,
			);
			runOnlyForDeploymentPostprocessing = 0;
		};
/* End PBXFrameworksBuildPhase section */

/* Begin PBXGroup section */
		A236F62718E48101006CEBA1 = {
			isa = PBXGroup;
			children = (
				A236F63B18E48101006CEBA1 /* TVApp */,
				A236F65818E48101006CEBA1 /* TVAppTests */,
				A236F63218E48101006CEBA1 /* Frameworks */,
				A236F63118E48101006CEBA1 /* Products */,
			);
			sourceTree = "<group>";
		};
		A236F63118E48101006CEBA1 /* Products */ = {
			isa = PBXGroup;
			children = (
				A236F63018E48101006CEBA1 /* TVApp.app */,
				A236F65018E48101006CEBA1 /* TVAppTests.xctest */,
			);
			name = Products;
			sourceTree = "<group>";
		};
		A236F63218E48101006CEBA1 /* Frameworks */ = {
			isa = PBXGroup;
			children = (
				A236F63318E48101006CEBA1 /* Foundation.framework */,
				A236F63518E48101006CEBA1 /* CoreGraphics.framework */,
				A236F63718E48101006CEBA1 /* UIKit.framework */,
				A236F63918E48101006CEBA1 /* CoreData.framework */,
				A236F65118E48101006CEBA1 /* XCTest.framework */,
			);
			name = Frameworks;
			sourceTree = "<group>";
		};
		A236F63B18E48101006CEBA1 /* TVApp */ = {
			isa = PBXGroup;
			children = (
				A236F64418E48101006CEBA1 /* AppDelegate.h */,
				A236F64518E48101006CEBA1 /* AppDelegate.m */,
				A236F64A18E48101006CEBA1 /* Images.xcassets */,
				A236F64718E48101006CEBA1 /* TVApp.xcdatamodeld */,
				A236F63C18E48101006CEBA1 /* Supporting Files */,
			);
			path = TVApp;
			sourceTree = "<group>";
		};
		A236F63C18E48101006CEBA1 /* Supporting Files */ = {
			isa = PBXGroup;
			children = (
				A236F63D18E48101006CEBA1 /* TVApp-Info.plist */,
				A236F63E18E48101006CEBA1 /* InfoPlist.strings */,
				A236F64118E48101006CEBA1 /* main.m */,
				A236F64318E48101006CEBA1 /* TVApp-Prefix.pch */,
			);
			name = "Supporting Files";
			sourceTree = "<group>";
		};
		A236F65818E48101006CEBA1 /* TVAppTests */ = {
			isa = PBXGroup;
			children = (
				A236F65E18E48101006CEBA1 /* TVAppTests.m */,
				A236F65918E48101006CEBA1 /* Supporting Files */,
			);
			path = TVAppTests;
			sourceTree = "<group>";
		};
		A236F65918E48101006CEBA1 /* Supporting Files */ = {
			isa = PBXGroup;
			children = (
				A236F65A18E48101006CEBA1 /* TVAppTests-Info.plist */,
				A236F65B18E48101006CEBA1 /* InfoPlist.strings */,
			);
			name = "Supporting Files";
			sourceTree = "<group>";
		};
/* End PBXGroup section */

/* Begin PBXNativeTarget section */
		A236F62F18E48101006CEBA1 /* TVApp */ = {
			isa = PBXNativeTarget;
			buildConfigurationList = A236F66218E48101006CEBA1 /* Build configuration list for PBXNativeTarget "TVApp" */;
			buildPhases = (
				A236F62C18E48101006CEBA1 /* Sources */,
				A236F62D18E48101006CEBA1 /* Frameworks */,
				A236F62E18E48101006CEBA1 /* Resources */,
			);
			buildRules = (
			);
			dependencies = (
			);
			name = TVApp;
			productName = TVApp;
			productReference = A236F63018E48101006CEBA1 /* TVApp.app */;
			productType = "com.apple.product-type.application";
		};
		A236F64F18E48101006CEBA1 /* TVAppTests */ = {
			isa = PBXNativeTarget;
			buildConfigurationList = A236F66518E48101006CEBA1 /* Build configuration list for PBXNativeTarget "TVAppTests" */;
			buildPhases = (
				A236F64C18E48101006CEBA1 /* Sources */,
				A236F64D18E48101006CEBA1 /* Frameworks */,
				A236F64E18E48101006CEBA1 /* Resources */,
			);
			buildRules = (
			);
			dependencies = (
				A236F65718E48101006CEBA1 /* PBXTargetDependency */,
			);
			name = TVAppTests;
			productName = TVAppTests;
			productReference = A236F65018E48101006CEBA1 /* TVAppTests.xctest */;
			productType = "com.apple.product-type.bundle.unit-test";
		};
/* End PBXNativeTarget section */

/* Begin PBXProject section */
		A236F62818E48101006CEBA1 /* Project object */ = {
			isa = PBXProject;
			attributes = {
				LastUpgradeCheck = 0510;
				ORGANIZATIONNAME = WDD1403;
				TargetAttributes = {
					A236F64F18E48101006CEBA1 = {
						TestTargetID = A236F62F18E48101006CEBA1;
					};
				};
			};
			buildConfigurationList = A236F62B18E48101006CEBA1 /* Build configuration list for PBXProject "TVApp" */;
			compatibilityVersion = "Xcode 3.2";
			developmentRegion = English;
			hasScannedForEncodings = 0;
			knownRegions = (
				en,
			);
			mainGroup = A236F62718E48101006CEBA1;
			productRefGroup = A236F63118E48101006CEBA1 /* Products */;
			projectDirPath = "";
			projectRoot = "";
			targets = (
				A236F62F18E48101006CEBA1 /* TVApp */,
				A236F64F18E48101006CEBA1 /* TVAppTests */,
			);
		};
/* End PBXProject section */

/* Begin PBXResourcesBuildPhase section */
		A236F62E18E48101006CEBA1 /* Resources */ = {
			isa = PBXResourcesBuildPhase;
			buildActionMask = 2147483647;
			files = (
				A236F64018E48101006CEBA1 /* InfoPlist.strings in Resources */,
				A236F64B18E48101006CEBA1 /* Images.xcassets in Resources */,
			);
			runOnlyForDeploymentPostprocessing = 0;
		};
		A236F64E18E48101006CEBA1 /* Resources */ = {
			isa = PBXResourcesBuildPhase;
			buildActionMask = 2147483647;
			files = (
				A236F65D18E48101006CEBA1 /* InfoPlist.strings in Resources */,
			);
			runOnlyForDeploymentPostprocessing = 0;
		};
/* End PBXResourcesBuildPhase section */

/* Begin PBXSourcesBuildPhase section */
		A236F62C18E48101006CEBA1 /* Sources */ = {
			isa = PBXSourcesBuildPhase;
			buildActionMask = 2147483647;
			files = (
				A236F64918E48101006CEBA1 /* TVApp.xcdatamodeld in Sources */,
				A236F64618E48101006CEBA1 /* AppDelegate.m in Sources */,
				A236F64218E48101006CEBA1 /* main.m in Sources */,
			);
			runOnlyForDeploymentPostprocessing = 0;
		};
		A236F64C18E48101006CEBA1 /* Sources */ = {
			isa = PBXSourcesBuildPhase;
			buildActionMask = 2147483647;
			files = (
				A236F65F18E48101006CEBA1 /* TVAppTests.m in Sources */,
			);
			runOnlyForDeploymentPostprocessing = 0;
		};
/* End PBXSourcesBuildPhase section */

/* Begin PBXTargetDependency section */
		A236F65718E48101006CEBA1 /* PBXTargetDependency */ = {
			isa = PBXTargetDependency;
			target = A236F62F18E48101006CEBA1 /* TVApp */;
			targetProxy = A236F65618E48101006CEBA1 /* PBXContainerItemProxy */;
		};
/* End PBXTargetDependency section */

/* Begin PBXVariantGroup section */
		A236F63E18E48101006CEBA1 /* InfoPlist.strings */ = {
			isa = PBXVariantGroup;
			children = (
				A236F63F18E48101006CEBA1 /* en */,
			);
			name = InfoPlist.strings;
			sourceTree = "<group>";
		};
		A236F65B18E48101006CEBA1 /* InfoPlist.strings */ = {
			isa = PBXVariantGroup;
			children = (
				A236F65C18E48101006CEBA1 /* en */,
			);
			name = InfoPlist.strings;
			sourceTree = "<group>";
		};
/* End PBXVariantGroup section */

/* Begin XCBuildConfiguration section */
		A236F66018E48101006CEBA1 /* Debug */ = {
			isa = XCBuildConfiguration;
			buildSettings = {
				ALWAYS_SEARCH_USER_PATHS = NO;
				CLANG_CXX_LANGUAGE_STANDARD = "gnu++0x";
				CLANG_CXX_LIBRARY = "libc++";
				CLANG_ENABLE_MODULES = YES;
				CLANG_ENABLE_OBJC_ARC = YES;
				CLANG_WARN_BOOL_CONVERSION = YES;
				CLANG_WARN_CONSTANT_CONVERSION = YES;
				CLANG_WARN_DIRECT_OBJC_ISA_USAGE = YES_ERROR;
				CLANG_WARN_EMPTY_BODY = YES;
				CLANG_WARN_ENUM_CONVERSION = YES;
				CLANG_WARN_INT_CONVERSION = YES;
				CLANG_WARN_OBJC_ROOT_CLASS = YES_ERROR;
				CLANG_WARN__DUPLICATE_METHOD_MATCH = YES;
				"CODE_SIGN_IDENTITY[sdk=iphoneos*]" = "iPhone Developer";
				COPY_PHASE_STRIP = NO;
				GCC_C_LANGUAGE_STANDARD = gnu99;
				GCC_DYNAMIC_NO_PIC = NO;
				GCC_OPTIMIZATION_LEVEL = 0;
				GCC_PREPROCESSOR_DEFINITIONS = (
					"DEBUG=1",
					"$(inherited)",
				);
				GCC_SYMBOLS_PRIVATE_EXTERN = NO;
				GCC_WARN_64_TO_32_BIT_CONVERSION = YES;
				GCC_WARN_ABOUT_RETURN_TYPE = YES_ERROR;
				GCC_WARN_UNDECLARED_SELECTOR = YES;
				GCC_WARN_UNINITIALIZED_AUTOS = YES_AGGRESSIVE;
				GCC_WARN_UNUSED_FUNCTION = YES;
				GCC_WARN_UNUSED_VARIABLE = YES;
				IPHONEOS_DEPLOYMENT_TARGET = 7.1;
				ONLY_ACTIVE_ARCH = YES;
				SDKROOT = iphoneos;
				TARGETED_DEVICE_FAMILY = "1,2";
			};
			name = Debug;
		};
		A236F66118E48101006CEBA1 /* Release */ = {
			isa = XCBuildConfiguration;
			buildSettings = {
				ALWAYS_SEARCH_USER_PATHS = NO;
				CLANG_CXX_LANGUAGE_STANDARD = "gnu++0x";
				CLANG_CXX_LIBRARY = "libc++";
				CLANG_ENABLE_MODULES = YES;
				CLANG_ENABLE_OBJC_ARC = YES;
				CLANG_WARN_BOOL_CONVERSION = YES;
				CLANG_WARN_CONSTANT_CONVERSION = YES;
				CLANG_WARN_DIRECT_OBJC_ISA_USAGE = YES_ERROR;
				CLANG_WARN_EMPTY_BODY = YES;
				CLANG_WARN_ENUM_CONVERSION = YES;
				CLANG_WARN_INT_CONVERSION = YES;
				CLANG_WARN_OBJC_ROOT_CLASS = YES_ERROR;
				CLANG_WARN__DUPLICATE_METHOD_MATCH = YES;
				"CODE_SIGN_IDENTITY[sdk=iphoneos*]" = "iPhone Developer";
				COPY_PHASE_STRIP = YES;
				ENABLE_NS_ASSERTIONS = NO;
				GCC_C_LANGUAGE_STANDARD = gnu99;
				GCC_WARN_64_TO_32_BIT_CONVERSION = YES;
				GCC_WARN_ABOUT_RETURN_TYPE = YES_ERROR;
				GCC_WARN_UNDECLARED_SELECTOR = YES;
				GCC_WARN_UNINITIALIZED_AUTOS = YES_AGGRESSIVE;
				GCC_WARN_UNUSED_FUNCTION = YES;
				GCC_WARN_UNUSED_VARIABLE = YES;
				IPHONEOS_DEPLOYMENT_TARGET = 7.1;
				SDKROOT = iphoneos;
				TARGETED_DEVICE_FAMILY = "1,2";
				VALIDATE_PRODUCT = YES;
			};
			name = Release;
		};
		A236F66318E48101006CEBA1 /* Debug */ = {
			isa = XCBuildConfiguration;
			buildSettings = {
				ASSETCATALOG_COMPILER_APPICON_NAME = AppIcon;
				ASSETCATALOG_COMPILER_LAUNCHIMAGE_NAME = LaunchImage;
				GCC_PRECOMPILE_PREFIX_HEADER = YES;
				GCC_PREFIX_HEADER = "TVApp/TVApp-Prefix.pch";
				INFOPLIST_FILE = "TVApp/TVApp-Info.plist";
				PRODUCT_NAME = "$(TARGET_NAME)";
				WRAPPER_EXTENSION = app;
			};
			name = Debug;
		};
		A236F66418E48101006CEBA1 /* Release */ = {
			isa = XCBuildConfiguration;
			buildSettings = {
				ASSETCATALOG_COMPILER_APPICON_NAME = AppIcon;
				ASSETCATALOG_COMPILER_LAUNCHIMAGE_NAME = LaunchImage;
				GCC_PRECOMPILE_PREFIX_HEADER = YES;
				GCC_PREFIX_HEADER = "TVApp/TVApp-Prefix.pch";
				INFOPLIST_FILE = "TVApp/TVApp-Info.plist";
				PRODUCT_NAME = "$(TARGET_NAME)";
				WRAPPER_EXTENSION = app;
			};
			name = Release;
		};
		A236F66618E48101006CEBA1 /* Debug */ = {
			isa = XCBuildConfiguration;
			buildSettings = {
				BUNDLE_LOADER = "$(BUILT_PRODUCTS_DIR)/TVApp.app/TVApp";
				FRAMEWORK_SEARCH_PATHS = (
					"$(SDKROOT)/Developer/Library/Frameworks",
					"$(inherited)",
					"$(DEVELOPER_FRAMEWORKS_DIR)",
				);
				GCC_PRECOMPILE_PREFIX_HEADER = YES;
				GCC_PREFIX_HEADER = "TVApp/TVApp-Prefix.pch";
				GCC_PREPROCESSOR_DEFINITIONS = (
					"DEBUG=1",
					"$(inherited)",
				);
				INFOPLIST_FILE = "TVAppTests/TVAppTests-Info.plist";
				PRODUCT_NAME = "$(TARGET_NAME)";
				TEST_HOST = "$(BUNDLE_LOADER)";
				WRAPPER_EXTENSION = xctest;
			};
			name = Debug;
		};
		A236F66718E48101006CEBA1 /* Release */ = {
			isa = XCBuildConfiguration;
			buildSettings = {
				BUNDLE_LOADER = "$(BUILT_PRODUCTS_DIR)/TVApp.app/TVApp";
				FRAMEWORK_SEARCH_PATHS = (
					"$(SDKROOT)/Developer/Library/Frameworks",
					"$(inherited)",
					"$(DEVELOPER_FRAMEWORKS_DIR)",
				);
				GCC_PRECOMPILE_PREFIX_HEADER = YES;
				GCC_PREFIX_HEADER = "TVApp/TVApp-Prefix.pch";
				INFOPLIST_FILE = "TVAppTests/TVAppTests-Info.plist";
				PRODUCT_NAME = "$(TARGET_NAME)";
				TEST_HOST = "$(BUNDLE_LOADER)";
				WRAPPER_EXTENSION = xctest;
			};
			name = Release;
		};
/* End XCBuildConfiguration section */

/* Begin XCConfigurationList section */
		A236F62B18E48101006CEBA1 /* Build configuration list for PBXProject "TVApp" */ = {
			isa = XCConfigurationList;
			buildConfigurations = (
				A236F66018E48101006CEBA1 /* Debug */,
				A236F66118E48101006CEBA1 /* Release */,
			);
			defaultConfigurationIsVisible = 0;
			defaultConfigurationName = Release;
		};
		A236F66218E48101006CEBA1 /* Build configuration list for PBXNativeTarget "TVApp" */ = {
			isa = XCConfigurationList;
			buildConfigurations = (
				A236F66318E48101006CEBA1 /* Debug */,
				A236F66418E48101006CEBA1 /* Release */,
			);
			defaultConfigurationIsVisible = 0;
		};
		A236F66518E48101006CEBA1 /* Build configuration list for PBXNativeTarget "TVAppTests" */ = {
			isa = XCConfigurationList;
			buildConfigurations = (
				A236F66618E48101006CEBA1 /* Debug */,
				A236F66718E48101006CEBA1 /* Release */,
			);
			defaultConfigurationIsVisible = 0;
		};
/* End XCConfigurationList section */

/* Begin XCVersionGroup section */
		A236F64718E48101006CEBA1 /* TVApp.xcdatamodeld */ = {
			isa = XCVersionGroup;
			children = (
				A236F64818E48101006CEBA1 /* TVApp.xcdatamodel */,
			);
			currentVersion = A236F64818E48101006CEBA1 /* TVApp.xcdatamodel */;
			path = TVApp.xcdatamodeld;
			sourceTree = "<group>";
			versionGroupType = wrapper.xcdatamodel;
		};
/* End XCVersionGroup section */
	};
	rootObject = A236F62818E48101006CEBA1 /* Project object */;
}
